// !$*UTF8*$!
{
	archiveVersion = 1;
	classes = {
	};
	objectVersion = 50;
	objects = {

/* Begin PBXBuildFile section */
		600201B321BD54E1008D1FFD /* AppDelegate.swift in Sources */ = {isa = PBXBuildFile; fileRef = 600201B221BD54E1008D1FFD /* AppDelegate.swift */; };
		600201B521BD54E1008D1FFD /* ViewController.swift in Sources */ = {isa = PBXBuildFile; fileRef = 600201B421BD54E1008D1FFD /* ViewController.swift */; };
		600201B821BD54E1008D1FFD /* Main.storyboard in Resources */ = {isa = PBXBuildFile; fileRef = 600201B621BD54E1008D1FFD /* Main.storyboard */; };
		600201BA21BD54E2008D1FFD /* Assets.xcassets in Resources */ = {isa = PBXBuildFile; fileRef = 600201B921BD54E2008D1FFD /* Assets.xcassets */; };
		600201BD21BD54E2008D1FFD /* LaunchScreen.storyboard in Resources */ = {isa = PBXBuildFile; fileRef = 600201BB21BD54E2008D1FFD /* LaunchScreen.storyboard */; };
		600201CA21BD5621008D1FFD /* README.md in Resources */ = {isa = PBXBuildFile; fileRef = 600201C921BD5621008D1FFD /* README.md */; };
		600FC85521BE142D0044004F /* Target_LoginModule.swift in Sources */ = {isa = PBXBuildFile; fileRef = 600FC85421BE142D0044004F /* Target_LoginModule.swift */; };
/* End PBXBuildFile section */

/* Begin PBXFileReference section */
		600201AF21BD54E1008D1FFD /* LoginModule.app */ = {isa = PBXFileReference; explicitFileType = wrapper.application; includeInIndex = 0; path = LoginModule.app; sourceTree = BUILT_PRODUCTS_DIR; };
		600201B221BD54E1008D1FFD /* AppDelegate.swift */ = {isa = PBXFileReference; lastKnownFileType = sourcecode.swift; path = AppDelegate.swift; sourceTree = "<group>"; };
		600201B421BD54E1008D1FFD /* ViewController.swift */ = {isa = PBXFileReference; lastKnownFileType = sourcecode.swift; path = ViewController.swift; sourceTree = "<group>"; };
		600201B721BD54E1008D1FFD /* Base */ = {isa = PBXFileReference; lastKnownFileType = file.storyboard; name = Base; path = Base.lproj/Main.storyboard; sourceTree = "<group>"; };
		600201B921BD54E2008D1FFD /* Assets.xcassets */ = {isa = PBXFileReference; lastKnownFileType = folder.assetcatalog; path = Assets.xcassets; sourceTree = "<group>"; };
		600201BC21BD54E2008D1FFD /* Base */ = {isa = PBXFileReference; lastKnownFileType = file.storyboard; name = Base; path = Base.lproj/LaunchScreen.storyboard; sourceTree = "<group>"; };
		600201BE21BD54E2008D1FFD /* Info.plist */ = {isa = PBXFileReference; lastKnownFileType = text.plist.xml; path = Info.plist; sourceTree = "<group>"; };
		600201C921BD5621008D1FFD /* README.md */ = {isa = PBXFileReference; fileEncoding = 4; lastKnownFileType = net.daringfireball.markdown; path = README.md; sourceTree = "<group>"; };
		600FC85421BE142D0044004F /* Target_LoginModule.swift */ = {isa = PBXFileReference; lastKnownFileType = sourcecode.swift; path = Target_LoginModule.swift; sourceTree = "<group>"; };
/* End PBXFileReference section */

/* Begin PBXFrameworksBuildPhase section */
		600201AC21BD54E1008D1FFD /* Frameworks */ = {
			isa = PBXFrameworksBuildPhase;
			buildActionMask = 2147483647;
			files = (
			);
			runOnlyForDeploymentPostprocessing = 0;
		};
/* End PBXFrameworksBuildPhase section */

/* Begin PBXGroup section */
		600201A621BD54E1008D1FFD = {
			isa = PBXGroup;
			children = (
				600201B121BD54E1008D1FFD /* LoginModule */,
				600201B021BD54E1008D1FFD /* Products */,
			);
			sourceTree = "<group>";
		};
		600201B021BD54E1008D1FFD /* Products */ = {
			isa = PBXGroup;
			children = (
				600201AF21BD54E1008D1FFD /* LoginModule.app */,
			);
			name = Products;
			sourceTree = "<group>";
		};
		600201B121BD54E1008D1FFD /* LoginModule */ = {
			isa = PBXGroup;
			children = (
				600201C621BD5547008D1FFD /* app */,
				600201C521BD5538008D1FFD /* view */,
				600201C421BD5527008D1FFD /* resource */,
				600FC85321BE14060044004F /* target */,
				600201B621BD54E1008D1FFD /* Main.storyboard */,
				600201BB21BD54E2008D1FFD /* LaunchScreen.storyboard */,
				600201BE21BD54E2008D1FFD /* Info.plist */,
				600201C921BD5621008D1FFD /* README.md */,
			);
			path = LoginModule;
			sourceTree = "<group>";
		};
		600201C421BD5527008D1FFD /* resource */ = {
			isa = PBXGroup;
			children = (
				600201B921BD54E2008D1FFD /* Assets.xcassets */,
			);
			path = resource;
			sourceTree = "<group>";
		};
		600201C521BD5538008D1FFD /* view */ = {
			isa = PBXGroup;
			children = (
				600201B421BD54E1008D1FFD /* ViewController.swift */,
			);
			path = view;
			sourceTree = "<group>";
		};
		600201C621BD5547008D1FFD /* app */ = {
			isa = PBXGroup;
			children = (
				600201B221BD54E1008D1FFD /* AppDelegate.swift */,
			);
			path = app;
			sourceTree = "<group>";
		};
		600FC85321BE14060044004F /* target */ = {
			isa = PBXGroup;
			children = (
				600FC85421BE142D0044004F /* Target_LoginModule.swift */,
			);
			path = target;
			sourceTree = "<group>";
		};
/* End PBXGroup section */

/* Begin PBXNativeTarget section */
		600201AE21BD54E1008D1FFD /* LoginModule */ = {
			isa = PBXNativeTarget;
			buildConfigurationList = 600201C121BD54E2008D1FFD /* Build configuration list for PBXNativeTarget "LoginModule" */;
			buildPhases = (
				600201AB21BD54E1008D1FFD /* Sources */,
				600201AC21BD54E1008D1FFD /* Frameworks */,
				600201AD21BD54E1008D1FFD /* Resources */,
			);
			buildRules = (
			);
			dependencies = (
			);
			name = LoginModule;
			productName = LoginModule;
			productReference = 600201AF21BD54E1008D1FFD /* LoginModule.app */;
			productType = "com.apple.product-type.application";
		};
/* End PBXNativeTarget section */

/* Begin PBXProject section */
		600201A721BD54E1008D1FFD /* Project object */ = {
			isa = PBXProject;
			attributes = {
				LastSwiftUpdateCheck = 1010;
				LastUpgradeCheck = 1010;
				ORGANIZATIONNAME = rptang;
				TargetAttributes = {
					600201AE21BD54E1008D1FFD = {
						CreatedOnToolsVersion = 10.1;
					};
				};
			};
			buildConfigurationList = 600201AA21BD54E1008D1FFD /* Build configuration list for PBXProject "LoginModule" */;
			compatibilityVersion = "Xcode 9.3";
			developmentRegion = en;
			hasScannedForEncodings = 0;
			knownRegions = (
				en,
				Base,
			);
			mainGroup = 600201A621BD54E1008D1FFD;
			productRefGroup = 600201B021BD54E1008D1FFD /* Products */;
			projectDirPath = "";
			projectRoot = "";
			targets = (
				600201AE21BD54E1008D1FFD /* LoginModule */,
			);
		};
/* End PBXProject section */

/* Begin PBXResourcesBuildPhase section */
		600201AD21BD54E1008D1FFD /* Resources */ = {
			isa = PBXResourcesBuildPhase;
			buildActionMask = 2147483647;
			files = (
				600201BD21BD54E2008D1FFD /* LaunchScreen.storyboard in Resources */,
				600201BA21BD54E2008D1FFD /* Assets.xcassets in Resources */,
				600201CA21BD5621008D1FFD /* README.md in Resources */,
				600201B821BD54E1008D1FFD /* Main.storyboard in Resources */,
			);
			runOnlyForDeploymentPostprocessing = 0;
		};
/* End PBXResourcesBuildPhase section */

/* Begin PBXSourcesBuildPhase section */
		600201AB21BD54E1008D1FFD /* Sources */ = {
			isa = PBXSourcesBuildPhase;
			buildActionMask = 2147483647;
			files = (
				600FC85521BE142D0044004F /* Target_LoginModule.swift in Sources */,
				600201B521BD54E1008D1FFD /* ViewController.swift in Sources */,
				600201B321BD54E1008D1FFD /* AppDelegate.swift in Sources */,
			);
			runOnlyForDeploymentPostprocessing = 0;
		};
/* End PBXSourcesBuildPhase section */

/* Begin PBXVariantGroup section */
		600201B621BD54E1008D1FFD /* Main.storyboard */ = {
			isa = PBXVariantGroup;
			children = (
				600201B721BD54E1008D1FFD /* Base */,
			);
			name = Main.storyboard;
			sourceTree = "<group>";
		};
		600201BB21BD54E2008D1FFD /* LaunchScreen.storyboard */ = {
			isa = PBXVariantGroup;
			children = (
				600201BC21BD54E2008D1FFD /* Base */,
			);
			name = LaunchScreen.storyboard;
			sourceTree = "<group>";
		};
/* End PBXVariantGroup section */

/* Begin XCBuildConfiguration section */
		600201BF21BD54E2008D1FFD /* Debug */ = {
			isa = XCBuildConfiguration;
			buildSettings = {
				ALWAYS_SEARCH_USER_PATHS = NO;
				CLANG_ANALYZER_NONNULL = YES;
				CLANG_ANALYZER_NUMBER_OBJECT_CONVERSION = YES_AGGRESSIVE;
				CLANG_CXX_LANGUAGE_STANDARD = "gnu++14";
				CLANG_CXX_LIBRARY = "libc++";
				CLANG_ENABLE_MODULES = YES;
				CLANG_ENABLE_OBJC_ARC = YES;
				CLANG_ENABLE_OBJC_WEAK = YES;
				CLANG_WARN_BLOCK_CAPTURE_AUTORELEASING = YES;
				CLANG_WARN_BOOL_CONVERSION = YES;
				CLANG_WARN_COMMA = YES;
				CLANG_WARN_CONSTANT_CONVERSION = YES;
				CLANG_WARN_DEPRECATED_OBJC_IMPLEMENTATIONS = YES;
				CLANG_WARN_DIRECT_OBJC_ISA_USAGE = YES_ERROR;
				CLANG_WARN_DOCUMENTATION_COMMENTS = YES;
				CLANG_WARN_EMPTY_BODY = YES;
				CLANG_WARN_ENUM_CONVERSION = YES;
				CLANG_WARN_INFINITE_RECURSION = YES;
				CLANG_WARN_INT_CONVERSION = YES;
				CLANG_WARN_NON_LITERAL_NULL_CONVERSION = YES;
				CLANG_WARN_OBJC_IMPLICIT_RETAIN_SELF = YES;
				CLANG_WARN_OBJC_LITERAL_CONVERSION = YES;
				CLANG_WARN_OBJC_ROOT_CLASS = YES_ERROR;
				CLANG_WARN_RANGE_LOOP_ANALYSIS = YES;
				CLANG_WARN_STRICT_PROTOTYPES = YES;
				CLANG_WARN_SUSPICIOUS_MOVE = YES;
				CLANG_WARN_UNGUARDED_AVAILABILITY = YES_AGGRESSIVE;
				CLANG_WARN_UNREACHABLE_CODE = YES;
				CLANG_WARN__DUPLICATE_METHOD_MATCH = YES;
				CODE_SIGN_IDENTITY = "iPhone Developer";
				COPY_PHASE_STRIP = NO;
				DEBUG_INFORMATION_FORMAT = dwarf;
				ENABLE_STRICT_OBJC_MSGSEND = YES;
				ENABLE_TESTABILITY = YES;
				GCC_C_LANGUAGE_STANDARD = gnu11;
				GCC_DYNAMIC_NO_PIC = NO;
				GCC_NO_COMMON_BLOCKS = YES;
				GCC_OPTIMIZATION_LEVEL = 0;
				GCC_PREPROCESSOR_DEFINITIONS = (
					"DEBUG=1",
					"$(inherited)",
				);
				GCC_WARN_64_TO_32_BIT_CONVERSION = YES;
				GCC_WARN_ABOUT_RETURN_TYPE = YES_ERROR;
				GCC_WARN_UNDECLARED_SELECTOR = YES;
				GCC_WARN_UNINITIALIZED_AUTOS = YES_AGGRESSIVE;
				GCC_WARN_UNUSED_FUNCTION = YES;
				GCC_WARN_UNUSED_VARIABLE = YES;
				IPHONEOS_DEPLOYMENT_TARGET = 12.1;
				MTL_ENABLE_DEBUG_INFO = INCLUDE_SOURCE;
				MTL_FAST_MATH = YES;
				ONLY_ACTIVE_ARCH = YES;
				SDKROOT = iphoneos;
				SWIFT_ACTIVE_COMPILATION_CONDITIONS = DEBUG;
				SWIFT_OPTIMIZATION_LEVEL = "-Onone";
			};
			name = Debug;
		};
		600201C021BD54E2008D1FFD /* Release */ = {
			isa = XCBuildConfiguration;
			buildSettings = {
				ALWAYS_SEARCH_USER_PATHS = NO;
				CLANG_ANALYZER_NONNULL = YES;
				CLANG_ANALYZER_NUMBER_OBJECT_CONVERSION = YES_AGGRESSIVE;
				CLANG_CXX_LANGUAGE_STANDARD = "gnu++14";
				CLANG_CXX_LIBRARY = "libc++";
				CLANG_ENABLE_MODULES = YES;
				CLANG_ENABLE_OBJC_ARC = YES;
				CLANG_ENABLE_OBJC_WEAK = YES;
				CLANG_WARN_BLOCK_CAPTURE_AUTORELEASING = YES;
				CLANG_WARN_BOOL_CONVERSION = YES;
				CLANG_WARN_COMMA = YES;
				CLANG_WARN_CONSTANT_CONVERSION = YES;
				CLANG_WARN_DEPRECATED_OBJC_IMPLEMENTATIONS = YES;
				CLANG_WARN_DIRECT_OBJC_ISA_USAGE = YES_ERROR;
				CLANG_WARN_DOCUMENTATION_COMMENTS = YES;
				CLANG_WARN_EMPTY_BODY = YES;
				CLANG_WARN_ENUM_CONVERSION = YES;
				CLANG_WARN_INFINITE_RECURSION = YES;
				CLANG_WARN_INT_CONVERSION = YES;
				CLANG_WARN_NON_LITERAL_NULL_CONVERSION = YES;
				CLANG_WARN_OBJC_IMPLICIT_RETAIN_SELF = YES;
				CLANG_WARN_OBJC_LITERAL_CONVERSION = YES;
				CLANG_WARN_OBJC_ROOT_CLASS = YES_ERROR;
				CLANG_WARN_RANGE_LOOP_ANALYSIS = YES;
				CLANG_WARN_STRICT_PROTOTYPES = YES;
				CLANG_WARN_SUSPICIOUS_MOVE = YES;
				CLANG_WARN_UNGUARDED_AVAILABILITY = YES_AGGRESSIVE;
				CLANG_WARN_UNREACHABLE_CODE = YES;
				CLANG_WARN__DUPLICATE_METHOD_MATCH = YES;
				CODE_SIGN_IDENTITY = "iPhone Developer";
				COPY_PHASE_STRIP = NO;
				DEBUG_INFORMATION_FORMAT = "dwarf-with-dsym";
				ENABLE_NS_ASSERTIONS = NO;
				ENABLE_STRICT_OBJC_MSGSEND = YES;
				GCC_C_LANGUAGE_STANDARD = gnu11;
				GCC_NO_COMMON_BLOCKS = YES;
				GCC_WARN_64_TO_32_BIT_CONVERSION = YES;
				GCC_WARN_ABOUT_RETURN_TYPE = YES_ERROR;
				GCC_WARN_UNDECLARED_SELECTOR = YES;
				GCC_WARN_UNINITIALIZED_AUTOS = YES_AGGRESSIVE;
				GCC_WARN_UNUSED_FUNCTION = YES;
				GCC_WARN_UNUSED_VARIABLE = YES;
				IPHONEOS_DEPLOYMENT_TARGET = 12.1;
				MTL_ENABLE_DEBUG_INFO = NO;
				MTL_FAST_MATH = YES;
				SDKROOT = iphoneos;
				SWIFT_COMPILATION_MODE = wholemodule;
				SWIFT_OPTIMIZATION_LEVEL = "-O";
				VALIDATE_PRODUCT = YES;
			};
			name = Release;
		};
		600201C221BD54E2008D1FFD /* Debug */ = {
			isa = XCBuildConfiguration;
			buildSettings = {
				ASSETCATALOG_COMPILER_APPICON_NAME = AppIcon;
				CODE_SIGN_STYLE = Automatic;
				DEVELOPMENT_TEAM = L8B98A9A7N;
				INFOPLIST_FILE = LoginModule/Info.plist;
				LD_RUNPATH_SEARCH_PATHS = (
					"$(inherited)",
					"@executable_path/Frameworks",
				);
				PRODUCT_BUNDLE_IDENTIFIER = com.rptang.module.LoginModule;
				PRODUCT_NAME = "$(TARGET_NAME)";
				SWIFT_VERSION = 4.2;
				TARGETED_DEVICE_FAMILY = "1,2";
			};
			name = Debug;
		};
		600201C321BD54E2008D1FFD /* Release */ = {
			isa = XCBuildConfiguration;
			buildSettings = {
				ASSETCATALOG_COMPILER_APPICON_NAME = AppIcon;
				CODE_SIGN_STYLE = Automatic;
				DEVELOPMENT_TEAM = L8B98A9A7N;
				INFOPLIST_FILE = LoginModule/Info.plist;
				LD_RUNPATH_SEARCH_PATHS = (
					"$(inherited)",
					"@executable_path/Frameworks",
				);
				PRODUCT_BUNDLE_IDENTIFIER = com.rptang.module.LoginModule;
				PRODUCT_NAME = "$(TARGET_NAME)";
				SWIFT_VERSION = 4.2;
				TARGETED_DEVICE_FAMILY = "1,2";
			};
			name = Release;
		};
/* End XCBuildConfiguration section */

/* Begin XCConfigurationList section */
		600201AA21BD54E1008D1FFD /* Build configuration list for PBXProject "LoginModule" */ = {
			isa = XCConfigurationList;
			buildConfigurations = (
				600201BF21BD54E2008D1FFD /* Debug */,
				600201C021BD54E2008D1FFD /* Release */,
			);
			defaultConfigurationIsVisible = 0;
			defaultConfigurationName = Release;
		};
		600201C121BD54E2008D1FFD /* Build configuration list for PBXNativeTarget "LoginModule" */ = {
			isa = XCConfigurationList;
			buildConfigurations = (
				600201C221BD54E2008D1FFD /* Debug */,
				600201C321BD54E2008D1FFD /* Release */,
			);
			defaultConfigurationIsVisible = 0;
			defaultConfigurationName = Release;
		};
/* End XCConfigurationList section */
	};
	rootObject = 600201A721BD54E1008D1FFD /* Project object */;
}
